
Microsoft Visual Studio Solution File, Format Version 12.00
# Visual Studio Version 17
VisualStudioVersion = 17.1.32328.378
MinimumVisualStudioVersion = 10.0.40219.1
Project("{8BC9CEB8-8B4A-11D0-8D11-00A0C91BC942}") = "CPP-Object", "CPP-Object\CPP-Object.vcxproj", "{B036B3E2-C4E2-47DE-B583-D6CA38B2B31A}"
EndProject
Project("{8BC9CEB8-8B4A-11D0-8D11-00A0C91BC942}") = "Bank", "Bank\Bank.vcxproj", "{BA13D0CA-F68B-499C-A4DE-6809FAE0A6C8}"
EndProject
Project("{8BC9CEB8-8B4A-11D0-8D11-00A0C91BC942}") = "Student", "Student\Student.vcxproj", "{544E8512-4768-4C55-999B-94EC98605014}"
EndProject
Project("{8BC9CEB8-8B4A-11D0-8D11-00A0C91BC942}") = "ShapeRectangle", "ShapeRectangle\ShapeRectangle.vcxproj", "{8D6703F4-9432-4D41-81DB-3D228151D7D9}"
EndProject
Project("{8BC9CEB8-8B4A-11D0-8D11-00A0C91BC942}") = "Car", "Car\Car.vcxproj", "{778507C8-E24B-49F4-ADEC-A7D4E4F6B41F}"
EndProject
Project("{8BC9CEB8-8B4A-11D0-8D11-00A0C91BC942}") = "Student5", "Student5\Student5.vcxproj", "{E7546B2E-88EF-4200-ACF3-AEB04A85D103}"
EndProject
Project("{8BC9CEB8-8B4A-11D0-8D11-00A0C91BC942}") = "Student6", "Student6\Student6.vcxproj", "{AFE3CC51-5463-4F8B-8556-57943F1974FE}"
EndProject
Project("{8BC9CEB8-8B4A-11D0-8D11-00A0C91BC942}") = "StudentStatic", "StuentStatic\StuentStatic.vcxproj", "{80D648A6-9833-4B2B-AA22-26E2219873BA}"
EndProject
Project("{8BC9CEB8-8B4A-11D0-8D11-00A0C91BC942}") = "StudentPromotor", "StudentPromotor\StudentPromotor.vcxproj", "{63A3F051-31E9-47B0-BA86-C1B6BD5FD042}"
EndProject
Project("{8BC9CEB8-8B4A-11D0-8D11-00A0C91BC942}") = "StaticAndConst", "StaticAndConst\StaticAndConst.vcxproj", "{906022CE-278C-40B5-831F-08A886C12084}"
EndProject
Project("{8BC9CEB8-8B4A-11D0-8D11-00A0C91BC942}") = "CarNew", "CarNew\CarNew.vcxproj", "{0CAE2A8D-62B2-4731-86BD-3B1EA037BD63}"
EndProject
Project("{8BC9CEB8-8B4A-11D0-8D11-00A0C91BC942}") = "StudentProfessors", "StudentProfessors\StudentProfessors.vcxproj", "{69E2763D-4FD6-4083-B42F-FA80F30EBA0A}"
EndProject
Project("{8BC9CEB8-8B4A-11D0-8D11-00A0C91BC942}") = "StuProfCopy", "StuProfCopy\StuProfCopy.vcxproj", "{EBFE90F0-123B-47D1-B276-104AE3F2823B}"
EndProject
Project("{8BC9CEB8-8B4A-11D0-8D11-00A0C91BC942}") = "Const.cpp", "Const.cpp\Const.cpp.vcxproj", "{F9D10398-500B-4B12-9C9A-7CC82D4B7F0D}"
EndProject
Project("{8BC9CEB8-8B4A-11D0-8D11-00A0C91BC942}") = "CarVIN", "CarVIN\CarVIN.vcxproj", "{3CE7EA9B-3D7C-4E0F-97E3-567894D740E4}"
EndProject
Project("{8BC9CEB8-8B4A-11D0-8D11-00A0C91BC942}") = "Inheritence", "Inheritence\Inheritence.vcxproj", "{78C8DCED-FDDD-4878-AB2F-E4877F630931}"
EndProject
Project("{8BC9CEB8-8B4A-11D0-8D11-00A0C91BC942}") = "BlockInheritance", "BlockInheritance\BlockInheritance.vcxproj", "{767B454B-D693-43D7-9685-B6426B7D0A5D}"
EndProject
Project("{8BC9CEB8-8B4A-11D0-8D11-00A0C91BC942}") = "Point", "Point\Point.vcxproj", "{88DD6D56-DFFC-4AF5-9BA4-AE7BBCDE86F4}"
EndProject
Project("{8BC9CEB8-8B4A-11D0-8D11-00A0C91BC942}") = "RefAndPointer", "RefAndPointer\RefAndPointer.vcxproj", "{2FED2DD4-91BF-4228-915F-B36F4FF6233F}"
EndProject
Project("{8BC9CEB8-8B4A-11D0-8D11-00A0C91BC942}") = "Virtual", "Virtual\Virtual.vcxproj", "{6EDAC735-A362-4AFF-BFE5-8F6AC8C13EA3}"
EndProject
Project("{8BC9CEB8-8B4A-11D0-8D11-00A0C91BC942}") = "Diamond", "Diamond\Diamond.vcxproj", "{629A3F61-CBAD-4747-8ABC-95B9A7CA373A}"
EndProject
Project("{8BC9CEB8-8B4A-11D0-8D11-00A0C91BC942}") = "Dishes", "Dishes\Dishes.vcxproj", "{EC92B7D7-510E-434D-80AF-FA4F8D31EDC0}"
EndProject
Project("{8BC9CEB8-8B4A-11D0-8D11-00A0C91BC942}") = "Vehicles", "Vehicles\Vehicles.vcxproj", "{14E5F028-0CE5-4AA7-9924-F1F12E14F16D}"
EndProject
Global
	GlobalSection(SolutionConfigurationPlatforms) = preSolution
		Debug|x64 = Debug|x64
		Debug|x86 = Debug|x86
		Release|x64 = Release|x64
		Release|x86 = Release|x86
	EndGlobalSection
	GlobalSection(ProjectConfigurationPlatforms) = postSolution
		{B036B3E2-C4E2-47DE-B583-D6CA38B2B31A}.Debug|x64.ActiveCfg = Debug|x64
		{B036B3E2-C4E2-47DE-B583-D6CA38B2B31A}.Debug|x64.Build.0 = Debug|x64
		{B036B3E2-C4E2-47DE-B583-D6CA38B2B31A}.Debug|x86.ActiveCfg = Debug|Win32
		{B036B3E2-C4E2-47DE-B583-D6CA38B2B31A}.Debug|x86.Build.0 = Debug|Win32
		{B036B3E2-C4E2-47DE-B583-D6CA38B2B31A}.Release|x64.ActiveCfg = Release|x64
		{B036B3E2-C4E2-47DE-B583-D6CA38B2B31A}.Release|x64.Build.0 = Release|x64
		{B036B3E2-C4E2-47DE-B583-D6CA38B2B31A}.Release|x86.ActiveCfg = Release|Win32
		{B036B3E2-C4E2-47DE-B583-D6CA38B2B31A}.Release|x86.Build.0 = Release|Win32
		{BA13D0CA-F68B-499C-A4DE-6809FAE0A6C8}.Debug|x64.ActiveCfg = Debug|x64
		{BA13D0CA-F68B-499C-A4DE-6809FAE0A6C8}.Debug|x64.Build.0 = Debug|x64
		{BA13D0CA-F68B-499C-A4DE-6809FAE0A6C8}.Debug|x86.ActiveCfg = Debug|Win32
		{BA13D0CA-F68B-499C-A4DE-6809FAE0A6C8}.Debug|x86.Build.0 = Debug|Win32
		{BA13D0CA-F68B-499C-A4DE-6809FAE0A6C8}.Release|x64.ActiveCfg = Release|x64
		{BA13D0CA-F68B-499C-A4DE-6809FAE0A6C8}.Release|x64.Build.0 = Release|x64
		{BA13D0CA-F68B-499C-A4DE-6809FAE0A6C8}.Release|x86.ActiveCfg = Release|Win32
		{BA13D0CA-F68B-499C-A4DE-6809FAE0A6C8}.Release|x86.Build.0 = Release|Win32
		{544E8512-4768-4C55-999B-94EC98605014}.Debug|x64.ActiveCfg = Debug|x64
		{544E8512-4768-4C55-999B-94EC98605014}.Debug|x64.Build.0 = Debug|x64
		{544E8512-4768-4C55-999B-94EC98605014}.Debug|x86.ActiveCfg = Debug|Win32
		{544E8512-4768-4C55-999B-94EC98605014}.Debug|x86.Build.0 = Debug|Win32
		{544E8512-4768-4C55-999B-94EC98605014}.Release|x64.ActiveCfg = Release|x64
		{544E8512-4768-4C55-999B-94EC98605014}.Release|x64.Build.0 = Release|x64
		{544E8512-4768-4C55-999B-94EC98605014}.Release|x86.ActiveCfg = Release|Win32
		{544E8512-4768-4C55-999B-94EC98605014}.Release|x86.Build.0 = Release|Win32
		{8D6703F4-9432-4D41-81DB-3D228151D7D9}.Debug|x64.ActiveCfg = Debug|x64
		{8D6703F4-9432-4D41-81DB-3D228151D7D9}.Debug|x64.Build.0 = Debug|x64
		{8D6703F4-9432-4D41-81DB-3D228151D7D9}.Debug|x86.ActiveCfg = Debug|Win32
		{8D6703F4-9432-4D41-81DB-3D228151D7D9}.Debug|x86.Build.0 = Debug|Win32
		{8D6703F4-9432-4D41-81DB-3D228151D7D9}.Release|x64.ActiveCfg = Release|x64
		{8D6703F4-9432-4D41-81DB-3D228151D7D9}.Release|x64.Build.0 = Release|x64
		{8D6703F4-9432-4D41-81DB-3D228151D7D9}.Release|x86.ActiveCfg = Release|Win32
		{8D6703F4-9432-4D41-81DB-3D228151D7D9}.Release|x86.Build.0 = Release|Win32
		{778507C8-E24B-49F4-ADEC-A7D4E4F6B41F}.Debug|x64.ActiveCfg = Debug|x64
		{778507C8-E24B-49F4-ADEC-A7D4E4F6B41F}.Debug|x64.Build.0 = Debug|x64
		{778507C8-E24B-49F4-ADEC-A7D4E4F6B41F}.Debug|x86.ActiveCfg = Debug|Win32
		{778507C8-E24B-49F4-ADEC-A7D4E4F6B41F}.Debug|x86.Build.0 = Debug|Win32
		{778507C8-E24B-49F4-ADEC-A7D4E4F6B41F}.Release|x64.ActiveCfg = Release|x64
		{778507C8-E24B-49F4-ADEC-A7D4E4F6B41F}.Release|x64.Build.0 = Release|x64
		{778507C8-E24B-49F4-ADEC-A7D4E4F6B41F}.Release|x86.ActiveCfg = Release|Win32
		{778507C8-E24B-49F4-ADEC-A7D4E4F6B41F}.Release|x86.Build.0 = Release|Win32
		{E7546B2E-88EF-4200-ACF3-AEB04A85D103}.Debug|x64.ActiveCfg = Debug|x64
		{E7546B2E-88EF-4200-ACF3-AEB04A85D103}.Debug|x64.Build.0 = Debug|x64
		{E7546B2E-88EF-4200-ACF3-AEB04A85D103}.Debug|x86.ActiveCfg = Debug|Win32
		{E7546B2E-88EF-4200-ACF3-AEB04A85D103}.Debug|x86.Build.0 = Debug|Win32
		{E7546B2E-88EF-4200-ACF3-AEB04A85D103}.Release|x64.ActiveCfg = Release|x64
		{E7546B2E-88EF-4200-ACF3-AEB04A85D103}.Release|x64.Build.0 = Release|x64
		{E7546B2E-88EF-4200-ACF3-AEB04A85D103}.Release|x86.ActiveCfg = Release|Win32
		{E7546B2E-88EF-4200-ACF3-AEB04A85D103}.Release|x86.Build.0 = Release|Win32
		{AFE3CC51-5463-4F8B-8556-57943F1974FE}.Debug|x64.ActiveCfg = Debug|x64
		{AFE3CC51-5463-4F8B-8556-57943F1974FE}.Debug|x64.Build.0 = Debug|x64
		{AFE3CC51-5463-4F8B-8556-57943F1974FE}.Debug|x86.ActiveCfg = Debug|Win32
		{AFE3CC51-5463-4F8B-8556-57943F1974FE}.Debug|x86.Build.0 = Debug|Win32
		{AFE3CC51-5463-4F8B-8556-57943F1974FE}.Release|x64.ActiveCfg = Release|x64
		{AFE3CC51-5463-4F8B-8556-57943F1974FE}.Release|x64.Build.0 = Release|x64
		{AFE3CC51-5463-4F8B-8556-57943F1974FE}.Release|x86.ActiveCfg = Release|Win32
		{AFE3CC51-5463-4F8B-8556-57943F1974FE}.Release|x86.Build.0 = Release|Win32
		{80D648A6-9833-4B2B-AA22-26E2219873BA}.Debug|x64.ActiveCfg = Debug|x64
		{80D648A6-9833-4B2B-AA22-26E2219873BA}.Debug|x64.Build.0 = Debug|x64
		{80D648A6-9833-4B2B-AA22-26E2219873BA}.Debug|x86.ActiveCfg = Debug|Win32
		{80D648A6-9833-4B2B-AA22-26E2219873BA}.Debug|x86.Build.0 = Debug|Win32
		{80D648A6-9833-4B2B-AA22-26E2219873BA}.Release|x64.ActiveCfg = Release|x64
		{80D648A6-9833-4B2B-AA22-26E2219873BA}.Release|x64.Build.0 = Release|x64
		{80D648A6-9833-4B2B-AA22-26E2219873BA}.Release|x86.ActiveCfg = Release|Win32
		{80D648A6-9833-4B2B-AA22-26E2219873BA}.Release|x86.Build.0 = Release|Win32
		{63A3F051-31E9-47B0-BA86-C1B6BD5FD042}.Debug|x64.ActiveCfg = Debug|x64
		{63A3F051-31E9-47B0-BA86-C1B6BD5FD042}.Debug|x64.Build.0 = Debug|x64
		{63A3F051-31E9-47B0-BA86-C1B6BD5FD042}.Debug|x86.ActiveCfg = Debug|Win32
		{63A3F051-31E9-47B0-BA86-C1B6BD5FD042}.Debug|x86.Build.0 = Debug|Win32
		{63A3F051-31E9-47B0-BA86-C1B6BD5FD042}.Release|x64.ActiveCfg = Release|x64
		{63A3F051-31E9-47B0-BA86-C1B6BD5FD042}.Release|x64.Build.0 = Release|x64
		{63A3F051-31E9-47B0-BA86-C1B6BD5FD042}.Release|x86.ActiveCfg = Release|Win32
		{63A3F051-31E9-47B0-BA86-C1B6BD5FD042}.Release|x86.Build.0 = Release|Win32
		{906022CE-278C-40B5-831F-08A886C12084}.Debug|x64.ActiveCfg = Debug|x64
		{906022CE-278C-40B5-831F-08A886C12084}.Debug|x64.Build.0 = Debug|x64
		{906022CE-278C-40B5-831F-08A886C12084}.Debug|x86.ActiveCfg = Debug|Win32
		{906022CE-278C-40B5-831F-08A886C12084}.Debug|x86.Build.0 = Debug|Win32
		{906022CE-278C-40B5-831F-08A886C12084}.Release|x64.ActiveCfg = Release|x64
		{906022CE-278C-40B5-831F-08A886C12084}.Release|x64.Build.0 = Release|x64
		{906022CE-278C-40B5-831F-08A886C12084}.Release|x86.ActiveCfg = Release|Win32
		{906022CE-278C-40B5-831F-08A886C12084}.Release|x86.Build.0 = Release|Win32
		{0CAE2A8D-62B2-4731-86BD-3B1EA037BD63}.Debug|x64.ActiveCfg = Debug|x64
		{0CAE2A8D-62B2-4731-86BD-3B1EA037BD63}.Debug|x64.Build.0 = Debug|x64
		{0CAE2A8D-62B2-4731-86BD-3B1EA037BD63}.Debug|x86.ActiveCfg = Debug|Win32
		{0CAE2A8D-62B2-4731-86BD-3B1EA037BD63}.Debug|x86.Build.0 = Debug|Win32
		{0CAE2A8D-62B2-4731-86BD-3B1EA037BD63}.Release|x64.ActiveCfg = Release|x64
		{0CAE2A8D-62B2-4731-86BD-3B1EA037BD63}.Release|x64.Build.0 = Release|x64
		{0CAE2A8D-62B2-4731-86BD-3B1EA037BD63}.Release|x86.ActiveCfg = Release|Win32
		{0CAE2A8D-62B2-4731-86BD-3B1EA037BD63}.Release|x86.Build.0 = Release|Win32
		{69E2763D-4FD6-4083-B42F-FA80F30EBA0A}.Debug|x64.ActiveCfg = Debug|x64
		{69E2763D-4FD6-4083-B42F-FA80F30EBA0A}.Debug|x64.Build.0 = Debug|x64
		{69E2763D-4FD6-4083-B42F-FA80F30EBA0A}.Debug|x86.ActiveCfg = Debug|Win32
		{69E2763D-4FD6-4083-B42F-FA80F30EBA0A}.Debug|x86.Build.0 = Debug|Win32
		{69E2763D-4FD6-4083-B42F-FA80F30EBA0A}.Release|x64.ActiveCfg = Release|x64
		{69E2763D-4FD6-4083-B42F-FA80F30EBA0A}.Release|x64.Build.0 = Release|x64
		{69E2763D-4FD6-4083-B42F-FA80F30EBA0A}.Release|x86.ActiveCfg = Release|Win32
		{69E2763D-4FD6-4083-B42F-FA80F30EBA0A}.Release|x86.Build.0 = Release|Win32
		{EBFE90F0-123B-47D1-B276-104AE3F2823B}.Debug|x64.ActiveCfg = Debug|x64
		{EBFE90F0-123B-47D1-B276-104AE3F2823B}.Debug|x64.Build.0 = Debug|x64
		{EBFE90F0-123B-47D1-B276-104AE3F2823B}.Debug|x86.ActiveCfg = Debug|Win32
		{EBFE90F0-123B-47D1-B276-104AE3F2823B}.Debug|x86.Build.0 = Debug|Win32
		{EBFE90F0-123B-47D1-B276-104AE3F2823B}.Release|x64.ActiveCfg = Release|x64
		{EBFE90F0-123B-47D1-B276-104AE3F2823B}.Release|x64.Build.0 = Release|x64
		{EBFE90F0-123B-47D1-B276-104AE3F2823B}.Release|x86.ActiveCfg = Release|Win32
		{EBFE90F0-123B-47D1-B276-104AE3F2823B}.Release|x86.Build.0 = Release|Win32
		{F9D10398-500B-4B12-9C9A-7CC82D4B7F0D}.Debug|x64.ActiveCfg = Debug|x64
		{F9D10398-500B-4B12-9C9A-7CC82D4B7F0D}.Debug|x64.Build.0 = Debug|x64
		{F9D10398-500B-4B12-9C9A-7CC82D4B7F0D}.Debug|x86.ActiveCfg = Debug|Win32
		{F9D10398-500B-4B12-9C9A-7CC82D4B7F0D}.Debug|x86.Build.0 = Debug|Win32
		{F9D10398-500B-4B12-9C9A-7CC82D4B7F0D}.Release|x64.ActiveCfg = Release|x64
		{F9D10398-500B-4B12-9C9A-7CC82D4B7F0D}.Release|x64.Build.0 = Release|x64
		{F9D10398-500B-4B12-9C9A-7CC82D4B7F0D}.Release|x86.ActiveCfg = Release|Win32
		{F9D10398-500B-4B12-9C9A-7CC82D4B7F0D}.Release|x86.Build.0 = Release|Win32
		{3CE7EA9B-3D7C-4E0F-97E3-567894D740E4}.Debug|x64.ActiveCfg = Debug|x64
		{3CE7EA9B-3D7C-4E0F-97E3-567894D740E4}.Debug|x64.Build.0 = Debug|x64
		{3CE7EA9B-3D7C-4E0F-97E3-567894D740E4}.Debug|x86.ActiveCfg = Debug|Win32
		{3CE7EA9B-3D7C-4E0F-97E3-567894D740E4}.Debug|x86.Build.0 = Debug|Win32
		{3CE7EA9B-3D7C-4E0F-97E3-567894D740E4}.Release|x64.ActiveCfg = Release|x64
		{3CE7EA9B-3D7C-4E0F-97E3-567894D740E4}.Release|x64.Build.0 = Release|x64
		{3CE7EA9B-3D7C-4E0F-97E3-567894D740E4}.Release|x86.ActiveCfg = Release|Win32
		{3CE7EA9B-3D7C-4E0F-97E3-567894D740E4}.Release|x86.Build.0 = Release|Win32
		{78C8DCED-FDDD-4878-AB2F-E4877F630931}.Debug|x64.ActiveCfg = Debug|x64
		{78C8DCED-FDDD-4878-AB2F-E4877F630931}.Debug|x64.Build.0 = Debug|x64
		{78C8DCED-FDDD-4878-AB2F-E4877F630931}.Debug|x86.ActiveCfg = Debug|Win32
		{78C8DCED-FDDD-4878-AB2F-E4877F630931}.Debug|x86.Build.0 = Debug|Win32
		{78C8DCED-FDDD-4878-AB2F-E4877F630931}.Release|x64.ActiveCfg = Release|x64
		{78C8DCED-FDDD-4878-AB2F-E4877F630931}.Release|x64.Build.0 = Release|x64
		{78C8DCED-FDDD-4878-AB2F-E4877F630931}.Release|x86.ActiveCfg = Release|Win32
		{78C8DCED-FDDD-4878-AB2F-E4877F630931}.Release|x86.Build.0 = Release|Win32
		{767B454B-D693-43D7-9685-B6426B7D0A5D}.Debug|x64.ActiveCfg = Debug|x64
		{767B454B-D693-43D7-9685-B6426B7D0A5D}.Debug|x64.Build.0 = Debug|x64
		{767B454B-D693-43D7-9685-B6426B7D0A5D}.Debug|x86.ActiveCfg = Debug|Win32
		{767B454B-D693-43D7-9685-B6426B7D0A5D}.Debug|x86.Build.0 = Debug|Win32
		{767B454B-D693-43D7-9685-B6426B7D0A5D}.Release|x64.ActiveCfg = Release|x64
		{767B454B-D693-43D7-9685-B6426B7D0A5D}.Release|x64.Build.0 = Release|x64
		{767B454B-D693-43D7-9685-B6426B7D0A5D}.Release|x86.ActiveCfg = Release|Win32
		{767B454B-D693-43D7-9685-B6426B7D0A5D}.Release|x86.Build.0 = Release|Win32
		{88DD6D56-DFFC-4AF5-9BA4-AE7BBCDE86F4}.Debug|x64.ActiveCfg = Debug|x64
		{88DD6D56-DFFC-4AF5-9BA4-AE7BBCDE86F4}.Debug|x64.Build.0 = Debug|x64
		{88DD6D56-DFFC-4AF5-9BA4-AE7BBCDE86F4}.Debug|x86.ActiveCfg = Debug|Win32
		{88DD6D56-DFFC-4AF5-9BA4-AE7BBCDE86F4}.Debug|x86.Build.0 = Debug|Win32
		{88DD6D56-DFFC-4AF5-9BA4-AE7BBCDE86F4}.Release|x64.ActiveCfg = Release|x64
		{88DD6D56-DFFC-4AF5-9BA4-AE7BBCDE86F4}.Release|x64.Build.0 = Release|x64
		{88DD6D56-DFFC-4AF5-9BA4-AE7BBCDE86F4}.Release|x86.ActiveCfg = Release|Win32
		{88DD6D56-DFFC-4AF5-9BA4-AE7BBCDE86F4}.Release|x86.Build.0 = Release|Win32
		{2FED2DD4-91BF-4228-915F-B36F4FF6233F}.Debug|x64.ActiveCfg = Debug|x64
		{2FED2DD4-91BF-4228-915F-B36F4FF6233F}.Debug|x64.Build.0 = Debug|x64
		{2FED2DD4-91BF-4228-915F-B36F4FF6233F}.Debug|x86.ActiveCfg = Debug|Win32
		{2FED2DD4-91BF-4228-915F-B36F4FF6233F}.Debug|x86.Build.0 = Debug|Win32
		{2FED2DD4-91BF-4228-915F-B36F4FF6233F}.Release|x64.ActiveCfg = Release|x64
		{2FED2DD4-91BF-4228-915F-B36F4FF6233F}.Release|x64.Build.0 = Release|x64
		{2FED2DD4-91BF-4228-915F-B36F4FF6233F}.Release|x86.ActiveCfg = Release|Win32
		{2FED2DD4-91BF-4228-915F-B36F4FF6233F}.Release|x86.Build.0 = Release|Win32
		{6EDAC735-A362-4AFF-BFE5-8F6AC8C13EA3}.Debug|x64.ActiveCfg = Debug|x64
		{6EDAC735-A362-4AFF-BFE5-8F6AC8C13EA3}.Debug|x64.Build.0 = Debug|x64
		{6EDAC735-A362-4AFF-BFE5-8F6AC8C13EA3}.Debug|x86.ActiveCfg = Debug|Win32
		{6EDAC735-A362-4AFF-BFE5-8F6AC8C13EA3}.Debug|x86.Build.0 = Debug|Win32
		{6EDAC735-A362-4AFF-BFE5-8F6AC8C13EA3}.Release|x64.ActiveCfg = Release|x64
		{6EDAC735-A362-4AFF-BFE5-8F6AC8C13EA3}.Release|x64.Build.0 = Release|x64
		{6EDAC735-A362-4AFF-BFE5-8F6AC8C13EA3}.Release|x86.ActiveCfg = Release|Win32
		{6EDAC735-A362-4AFF-BFE5-8F6AC8C13EA3}.Release|x86.Build.0 = Release|Win32
		{629A3F61-CBAD-4747-8ABC-95B9A7CA373A}.Debug|x64.ActiveCfg = Debug|x64
		{629A3F61-CBAD-4747-8ABC-95B9A7CA373A}.Debug|x64.Build.0 = Debug|x64
		{629A3F61-CBAD-4747-8ABC-95B9A7CA373A}.Debug|x86.ActiveCfg = Debug|Win32
		{629A3F61-CBAD-4747-8ABC-95B9A7CA373A}.Debug|x86.Build.0 = Debug|Win32
		{629A3F61-CBAD-4747-8ABC-95B9A7CA373A}.Release|x64.ActiveCfg = Release|x64
		{629A3F61-CBAD-4747-8ABC-95B9A7CA373A}.Release|x64.Build.0 = Release|x64
		{629A3F61-CBAD-4747-8ABC-95B9A7CA373A}.Release|x86.ActiveCfg = Release|Win32
		{629A3F61-CBAD-4747-8ABC-95B9A7CA373A}.Release|x86.Build.0 = Release|Win32
		{EC92B7D7-510E-434D-80AF-FA4F8D31EDC0}.Debug|x64.ActiveCfg = Debug|x64
		{EC92B7D7-510E-434D-80AF-FA4F8D31EDC0}.Debug|x64.Build.0 = Debug|x64
		{EC92B7D7-510E-434D-80AF-FA4F8D31EDC0}.Debug|x86.ActiveCfg = Debug|Win32
		{EC92B7D7-510E-434D-80AF-FA4F8D31EDC0}.Debug|x86.Build.0 = Debug|Win32
		{EC92B7D7-510E-434D-80AF-FA4F8D31EDC0}.Release|x64.ActiveCfg = Release|x64
		{EC92B7D7-510E-434D-80AF-FA4F8D31EDC0}.Release|x64.Build.0 = Release|x64
		{EC92B7D7-510E-434D-80AF-FA4F8D31EDC0}.Release|x86.ActiveCfg = Release|Win32
		{EC92B7D7-510E-434D-80AF-FA4F8D31EDC0}.Release|x86.Build.0 = Release|Win32
		{14E5F028-0CE5-4AA7-9924-F1F12E14F16D}.Debug|x64.ActiveCfg = Debug|x64
		{14E5F028-0CE5-4AA7-9924-F1F12E14F16D}.Debug|x64.Build.0 = Debug|x64
		{14E5F028-0CE5-4AA7-9924-F1F12E14F16D}.Debug|x86.ActiveCfg = Debug|Win32
		{14E5F028-0CE5-4AA7-9924-F1F12E14F16D}.Debug|x86.Build.0 = Debug|Win32
		{14E5F028-0CE5-4AA7-9924-F1F12E14F16D}.Release|x64.ActiveCfg = Release|x64
		{14E5F028-0CE5-4AA7-9924-F1F12E14F16D}.Release|x64.Build.0 = Release|x64
		{14E5F028-0CE5-4AA7-9924-F1F12E14F16D}.Release|x86.ActiveCfg = Release|Win32
		{14E5F028-0CE5-4AA7-9924-F1F12E14F16D}.Release|x86.Build.0 = Release|Win32
	EndGlobalSection
	GlobalSection(SolutionProperties) = preSolution
		HideSolutionNode = FALSE
	EndGlobalSection
	GlobalSection(ExtensibilityGlobals) = postSolution
		SolutionGuid = {A1EF77B1-D6EE-4ABD-9D90-CA1AE8157F02}
	EndGlobalSection
EndGlobal
