
Microsoft Visual Studio Solution File, Format Version 12.00
# Visual Studio Version 17
VisualStudioVersion = 17.1.32328.378
MinimumVisualStudioVersion = 10.0.40219.1
Project("{8BC9CEB8-8B4A-11D0-8D11-00A0C91BC942}") = "CPP-Object", "CPP-Object\CPP-Object.vcxproj", "{B036B3E2-C4E2-47DE-B583-D6CA38B2B31A}"
EndProject
Project("{8BC9CEB8-8B4A-11D0-8D11-00A0C91BC942}") = "Bank", "Bank\Bank.vcxproj", "{BA13D0CA-F68B-499C-A4DE-6809FAE0A6C8}"
EndProject
Project("{8BC9CEB8-8B4A-11D0-8D11-00A0C91BC942}") = "Student", "Student\Student.vcxproj", "{544E8512-4768-4C55-999B-94EC98605014}"
EndProject
Project("{8BC9CEB8-8B4A-11D0-8D11-00A0C91BC942}") = "ShapeRectangle", "ShapeRectangle\ShapeRectangle.vcxproj", "{8D6703F4-9432-4D41-81DB-3D228151D7D9}"
EndProject
Project("{8BC9CEB8-8B4A-11D0-8D11-00A0C91BC942}") = "Car", "Car\Car.vcxproj", "{778507C8-E24B-49F4-ADEC-A7D4E4F6B41F}"
EndProject
Project("{8BC9CEB8-8B4A-11D0-8D11-00A0C91BC942}") = "Student5", "Student5\Student5.vcxproj", "{E7546B2E-88EF-4200-ACF3-AEB04A85D103}"
EndProject
Project("{8BC9CEB8-8B4A-11D0-8D11-00A0C91BC942}") = "Student6", "Student6\Student6.vcxproj", "{AFE3CC51-5463-4F8B-8556-57943F1974FE}"
EndProject
Project("{8BC9CEB8-8B4A-11D0-8D11-00A0C91BC942}") = "StudentStatic", "StuentStatic\StuentStatic.vcxproj", "{80D648A6-9833-4B2B-AA22-26E2219873BA}"
EndProject
Project("{8BC9CEB8-8B4A-11D0-8D11-00A0C91BC942}") = "StudentPromotor", "StudentPromotor\StudentPromotor.vcxproj", "{63A3F051-31E9-47B0-BA86-C1B6BD5FD042}"
EndProject
Project("{8BC9CEB8-8B4A-11D0-8D11-00A0C91BC942}") = "StaticAndConst", "StaticAndConst\StaticAndConst.vcxproj", "{906022CE-278C-40B5-831F-08A886C12084}"
EndProject
Project("{8BC9CEB8-8B4A-11D0-8D11-00A0C91BC942}") = "CarNew", "CarNew\CarNew.vcxproj", "{0CAE2A8D-62B2-4731-86BD-3B1EA037BD63}"
EndProject
Project("{8BC9CEB8-8B4A-11D0-8D11-00A0C91BC942}") = "StudentProfessors", "StudentProfessors\StudentProfessors.vcxproj", "{69E2763D-4FD6-4083-B42F-FA80F30EBA0A}"
EndProject
Project("{8BC9CEB8-8B4A-11D0-8D11-00A0C91BC942}") = "StuProfCopy", "StuProfCopy\StuProfCopy.vcxproj", "{EBFE90F0-123B-47D1-B276-104AE3F2823B}"
EndProject
Global
	GlobalSection(SolutionConfigurationPlatforms) = preSolution
		Debug|x64 = Debug|x64
		Debug|x86 = Debug|x86
		Release|x64 = Release|x64
		Release|x86 = Release|x86
	EndGlobalSection
	GlobalSection(ProjectConfigurationPlatforms) = postSolution
		{B036B3E2-C4E2-47DE-B583-D6CA38B2B31A}.Debug|x64.ActiveCfg = Debug|x64
		{B036B3E2-C4E2-47DE-B583-D6CA38B2B31A}.Debug|x64.Build.0 = Debug|x64
		{B036B3E2-C4E2-47DE-B583-D6CA38B2B31A}.Debug|x86.ActiveCfg = Debug|Win32
		{B036B3E2-C4E2-47DE-B583-D6CA38B2B31A}.Debug|x86.Build.0 = Debug|Win32
		{B036B3E2-C4E2-47DE-B583-D6CA38B2B31A}.Release|x64.ActiveCfg = Release|x64
		{B036B3E2-C4E2-47DE-B583-D6CA38B2B31A}.Release|x64.Build.0 = Release|x64
		{B036B3E2-C4E2-47DE-B583-D6CA38B2B31A}.Release|x86.ActiveCfg = Release|Win32
		{B036B3E2-C4E2-47DE-B583-D6CA38B2B31A}.Release|x86.Build.0 = Release|Win32
		{BA13D0CA-F68B-499C-A4DE-6809FAE0A6C8}.Debug|x64.ActiveCfg = Debug|x64
		{BA13D0CA-F68B-499C-A4DE-6809FAE0A6C8}.Debug|x64.Build.0 = Debug|x64
		{BA13D0CA-F68B-499C-A4DE-6809FAE0A6C8}.Debug|x86.ActiveCfg = Debug|Win32
		{BA13D0CA-F68B-499C-A4DE-6809FAE0A6C8}.Debug|x86.Build.0 = Debug|Win32
		{BA13D0CA-F68B-499C-A4DE-6809FAE0A6C8}.Release|x64.ActiveCfg = Release|x64
		{BA13D0CA-F68B-499C-A4DE-6809FAE0A6C8}.Release|x64.Build.0 = Release|x64
		{BA13D0CA-F68B-499C-A4DE-6809FAE0A6C8}.Release|x86.ActiveCfg = Release|Win32
		{BA13D0CA-F68B-499C-A4DE-6809FAE0A6C8}.Release|x86.Build.0 = Release|Win32
		{544E8512-4768-4C55-999B-94EC98605014}.Debug|x64.ActiveCfg = Debug|x64
		{544E8512-4768-4C55-999B-94EC98605014}.Debug|x64.Build.0 = Debug|x64
		{544E8512-4768-4C55-999B-94EC98605014}.Debug|x86.ActiveCfg = Debug|Win32
		{544E8512-4768-4C55-999B-94EC98605014}.Debug|x86.Build.0 = Debug|Win32
		{544E8512-4768-4C55-999B-94EC98605014}.Release|x64.ActiveCfg = Release|x64
		{544E8512-4768-4C55-999B-94EC98605014}.Release|x64.Build.0 = Release|x64
		{544E8512-4768-4C55-999B-94EC98605014}.Release|x86.ActiveCfg = Release|Win32
		{544E8512-4768-4C55-999B-94EC98605014}.Release|x86.Build.0 = Release|Win32
		{8D6703F4-9432-4D41-81DB-3D228151D7D9}.Debug|x64.ActiveCfg = Debug|x64
		{8D6703F4-9432-4D41-81DB-3D228151D7D9}.Debug|x64.Build.0 = Debug|x64
		{8D6703F4-9432-4D41-81DB-3D228151D7D9}.Debug|x86.ActiveCfg = Debug|Win32
		{8D6703F4-9432-4D41-81DB-3D228151D7D9}.Debug|x86.Build.0 = Debug|Win32
		{8D6703F4-9432-4D41-81DB-3D228151D7D9}.Release|x64.ActiveCfg = Release|x64
		{8D6703F4-9432-4D41-81DB-3D228151D7D9}.Release|x64.Build.0 = Release|x64
		{8D6703F4-9432-4D41-81DB-3D228151D7D9}.Release|x86.ActiveCfg = Release|Win32
		{8D6703F4-9432-4D41-81DB-3D228151D7D9}.Release|x86.Build.0 = Release|Win32
		{778507C8-E24B-49F4-ADEC-A7D4E4F6B41F}.Debug|x64.ActiveCfg = Debug|x64
		{778507C8-E24B-49F4-ADEC-A7D4E4F6B41F}.Debug|x64.Build.0 = Debug|x64
		{778507C8-E24B-49F4-ADEC-A7D4E4F6B41F}.Debug|x86.ActiveCfg = Debug|Win32
		{778507C8-E24B-49F4-ADEC-A7D4E4F6B41F}.Debug|x86.Build.0 = Debug|Win32
		{778507C8-E24B-49F4-ADEC-A7D4E4F6B41F}.Release|x64.ActiveCfg = Release|x64
		{778507C8-E24B-49F4-ADEC-A7D4E4F6B41F}.Release|x64.Build.0 = Release|x64
		{778507C8-E24B-49F4-ADEC-A7D4E4F6B41F}.Release|x86.ActiveCfg = Release|Win32
		{778507C8-E24B-49F4-ADEC-A7D4E4F6B41F}.Release|x86.Build.0 = Release|Win32
		{E7546B2E-88EF-4200-ACF3-AEB04A85D103}.Debug|x64.ActiveCfg = Debug|x64
		{E7546B2E-88EF-4200-ACF3-AEB04A85D103}.Debug|x64.Build.0 = Debug|x64
		{E7546B2E-88EF-4200-ACF3-AEB04A85D103}.Debug|x86.ActiveCfg = Debug|Win32
		{E7546B2E-88EF-4200-ACF3-AEB04A85D103}.Debug|x86.Build.0 = Debug|Win32
		{E7546B2E-88EF-4200-ACF3-AEB04A85D103}.Release|x64.ActiveCfg = Release|x64
		{E7546B2E-88EF-4200-ACF3-AEB04A85D103}.Release|x64.Build.0 = Release|x64
		{E7546B2E-88EF-4200-ACF3-AEB04A85D103}.Release|x86.ActiveCfg = Release|Win32
		{E7546B2E-88EF-4200-ACF3-AEB04A85D103}.Release|x86.Build.0 = Release|Win32
		{AFE3CC51-5463-4F8B-8556-57943F1974FE}.Debug|x64.ActiveCfg = Debug|x64
		{AFE3CC51-5463-4F8B-8556-57943F1974FE}.Debug|x64.Build.0 = Debug|x64
		{AFE3CC51-5463-4F8B-8556-57943F1974FE}.Debug|x86.ActiveCfg = Debug|Win32
		{AFE3CC51-5463-4F8B-8556-57943F1974FE}.Debug|x86.Build.0 = Debug|Win32
		{AFE3CC51-5463-4F8B-8556-57943F1974FE}.Release|x64.ActiveCfg = Release|x64
		{AFE3CC51-5463-4F8B-8556-57943F1974FE}.Release|x64.Build.0 = Release|x64
		{AFE3CC51-5463-4F8B-8556-57943F1974FE}.Release|x86.ActiveCfg = Release|Win32
		{AFE3CC51-5463-4F8B-8556-57943F1974FE}.Release|x86.Build.0 = Release|Win32
		{80D648A6-9833-4B2B-AA22-26E2219873BA}.Debug|x64.ActiveCfg = Debug|x64
		{80D648A6-9833-4B2B-AA22-26E2219873BA}.Debug|x64.Build.0 = Debug|x64
		{80D648A6-9833-4B2B-AA22-26E2219873BA}.Debug|x86.ActiveCfg = Debug|Win32
		{80D648A6-9833-4B2B-AA22-26E2219873BA}.Debug|x86.Build.0 = Debug|Win32
		{80D648A6-9833-4B2B-AA22-26E2219873BA}.Release|x64.ActiveCfg = Release|x64
		{80D648A6-9833-4B2B-AA22-26E2219873BA}.Release|x64.Build.0 = Release|x64
		{80D648A6-9833-4B2B-AA22-26E2219873BA}.Release|x86.ActiveCfg = Release|Win32
		{80D648A6-9833-4B2B-AA22-26E2219873BA}.Release|x86.Build.0 = Release|Win32
		{63A3F051-31E9-47B0-BA86-C1B6BD5FD042}.Debug|x64.ActiveCfg = Debug|x64
		{63A3F051-31E9-47B0-BA86-C1B6BD5FD042}.Debug|x64.Build.0 = Debug|x64
		{63A3F051-31E9-47B0-BA86-C1B6BD5FD042}.Debug|x86.ActiveCfg = Debug|Win32
		{63A3F051-31E9-47B0-BA86-C1B6BD5FD042}.Debug|x86.Build.0 = Debug|Win32
		{63A3F051-31E9-47B0-BA86-C1B6BD5FD042}.Release|x64.ActiveCfg = Release|x64
		{63A3F051-31E9-47B0-BA86-C1B6BD5FD042}.Release|x64.Build.0 = Release|x64
		{63A3F051-31E9-47B0-BA86-C1B6BD5FD042}.Release|x86.ActiveCfg = Release|Win32
		{63A3F051-31E9-47B0-BA86-C1B6BD5FD042}.Release|x86.Build.0 = Release|Win32
		{906022CE-278C-40B5-831F-08A886C12084}.Debug|x64.ActiveCfg = Debug|x64
		{906022CE-278C-40B5-831F-08A886C12084}.Debug|x64.Build.0 = Debug|x64
		{906022CE-278C-40B5-831F-08A886C12084}.Debug|x86.ActiveCfg = Debug|Win32
		{906022CE-278C-40B5-831F-08A886C12084}.Debug|x86.Build.0 = Debug|Win32
		{906022CE-278C-40B5-831F-08A886C12084}.Release|x64.ActiveCfg = Release|x64
		{906022CE-278C-40B5-831F-08A886C12084}.Release|x64.Build.0 = Release|x64
		{906022CE-278C-40B5-831F-08A886C12084}.Release|x86.ActiveCfg = Release|Win32
		{906022CE-278C-40B5-831F-08A886C12084}.Release|x86.Build.0 = Release|Win32
		{0CAE2A8D-62B2-4731-86BD-3B1EA037BD63}.Debug|x64.ActiveCfg = Debug|x64
		{0CAE2A8D-62B2-4731-86BD-3B1EA037BD63}.Debug|x64.Build.0 = Debug|x64
		{0CAE2A8D-62B2-4731-86BD-3B1EA037BD63}.Debug|x86.ActiveCfg = Debug|Win32
		{0CAE2A8D-62B2-4731-86BD-3B1EA037BD63}.Debug|x86.Build.0 = Debug|Win32
		{0CAE2A8D-62B2-4731-86BD-3B1EA037BD63}.Release|x64.ActiveCfg = Release|x64
		{0CAE2A8D-62B2-4731-86BD-3B1EA037BD63}.Release|x64.Build.0 = Release|x64
		{0CAE2A8D-62B2-4731-86BD-3B1EA037BD63}.Release|x86.ActiveCfg = Release|Win32
		{0CAE2A8D-62B2-4731-86BD-3B1EA037BD63}.Release|x86.Build.0 = Release|Win32
		{69E2763D-4FD6-4083-B42F-FA80F30EBA0A}.Debug|x64.ActiveCfg = Debug|x64
		{69E2763D-4FD6-4083-B42F-FA80F30EBA0A}.Debug|x64.Build.0 = Debug|x64
		{69E2763D-4FD6-4083-B42F-FA80F30EBA0A}.Debug|x86.ActiveCfg = Debug|Win32
		{69E2763D-4FD6-4083-B42F-FA80F30EBA0A}.Debug|x86.Build.0 = Debug|Win32
		{69E2763D-4FD6-4083-B42F-FA80F30EBA0A}.Release|x64.ActiveCfg = Release|x64
		{69E2763D-4FD6-4083-B42F-FA80F30EBA0A}.Release|x64.Build.0 = Release|x64
		{69E2763D-4FD6-4083-B42F-FA80F30EBA0A}.Release|x86.ActiveCfg = Release|Win32
		{69E2763D-4FD6-4083-B42F-FA80F30EBA0A}.Release|x86.Build.0 = Release|Win32
		{EBFE90F0-123B-47D1-B276-104AE3F2823B}.Debug|x64.ActiveCfg = Debug|x64
		{EBFE90F0-123B-47D1-B276-104AE3F2823B}.Debug|x64.Build.0 = Debug|x64
		{EBFE90F0-123B-47D1-B276-104AE3F2823B}.Debug|x86.ActiveCfg = Debug|Win32
		{EBFE90F0-123B-47D1-B276-104AE3F2823B}.Debug|x86.Build.0 = Debug|Win32
		{EBFE90F0-123B-47D1-B276-104AE3F2823B}.Release|x64.ActiveCfg = Release|x64
		{EBFE90F0-123B-47D1-B276-104AE3F2823B}.Release|x64.Build.0 = Release|x64
		{EBFE90F0-123B-47D1-B276-104AE3F2823B}.Release|x86.ActiveCfg = Release|Win32
		{EBFE90F0-123B-47D1-B276-104AE3F2823B}.Release|x86.Build.0 = Release|Win32
	EndGlobalSection
	GlobalSection(SolutionProperties) = preSolution
		HideSolutionNode = FALSE
	EndGlobalSection
	GlobalSection(ExtensibilityGlobals) = postSolution
		SolutionGuid = {A1EF77B1-D6EE-4ABD-9D90-CA1AE8157F02}
	EndGlobalSection
EndGlobal
