
Microsoft Visual Studio Solution File, Format Version 12.00
# Visual Studio Version 17
VisualStudioVersion = 17.1.32328.378
MinimumVisualStudioVersion = 10.0.40219.1
Project("{8BC9CEB8-8B4A-11D0-8D11-00A0C91BC942}") = "CPP Object Zadania", "CPP Object Zadania\CPP Object Zadania.vcxproj", "{DB0E1BCB-DE89-4752-9A97-A84D6602F24D}"
EndProject
Project("{8BC9CEB8-8B4A-11D0-8D11-00A0C91BC942}") = "BlackBoxGuess", "BlackBoxGuess\BlackBoxGuess.vcxproj", "{E2B02E34-446E-4999-80E3-B3D1279A9A16}"
EndProject
Project("{8BC9CEB8-8B4A-11D0-8D11-00A0C91BC942}") = "MyString", "MyString\MyString.vcxproj", "{5C76E28B-259B-4630-AF29-65598E9B2F0F}"
EndProject
Project("{8BC9CEB8-8B4A-11D0-8D11-00A0C91BC942}") = "Hangman", "Hangman\Hangman.vcxproj", "{10861DEE-EF91-423A-9D1F-D89F2987A703}"
EndProject
Project("{8BC9CEB8-8B4A-11D0-8D11-00A0C91BC942}") = "test", "test\test.vcxproj", "{EC26D53C-A58B-4643-A036-DE077D4147BC}"
EndProject
Project("{8BC9CEB8-8B4A-11D0-8D11-00A0C91BC942}") = "notatki", "notatki\notatki.vcxproj", "{98CACED7-C419-4D37-BF65-68829F6EFFF3}"
EndProject
Project("{8BC9CEB8-8B4A-11D0-8D11-00A0C91BC942}") = "Wordl", "Wordl\Wordl.vcxproj", "{C7FEA53F-7F55-41DC-9303-08CB68CAC33A}"
EndProject
Project("{8BC9CEB8-8B4A-11D0-8D11-00A0C91BC942}") = "Knapsack", "Knapsack\Knapsack.vcxproj", "{BA0098DA-6104-4E68-A3F7-194568C19C6B}"
EndProject
Project("{8BC9CEB8-8B4A-11D0-8D11-00A0C91BC942}") = "Fraction", "Fraction\Fraction.vcxproj", "{253B8E49-FB94-4BC5-BD94-943D37193456}"
EndProject
Project("{8BC9CEB8-8B4A-11D0-8D11-00A0C91BC942}") = "Mastermind", "Mastermind\Mastermind.vcxproj", "{156580FF-19DE-4FA2-9285-7AB259709531}"
EndProject
Global
	GlobalSection(SolutionConfigurationPlatforms) = preSolution
		Debug|x64 = Debug|x64
		Debug|x86 = Debug|x86
		Release|x64 = Release|x64
		Release|x86 = Release|x86
	EndGlobalSection
	GlobalSection(ProjectConfigurationPlatforms) = postSolution
		{DB0E1BCB-DE89-4752-9A97-A84D6602F24D}.Debug|x64.ActiveCfg = Debug|x64
		{DB0E1BCB-DE89-4752-9A97-A84D6602F24D}.Debug|x64.Build.0 = Debug|x64
		{DB0E1BCB-DE89-4752-9A97-A84D6602F24D}.Debug|x86.ActiveCfg = Debug|Win32
		{DB0E1BCB-DE89-4752-9A97-A84D6602F24D}.Debug|x86.Build.0 = Debug|Win32
		{DB0E1BCB-DE89-4752-9A97-A84D6602F24D}.Release|x64.ActiveCfg = Release|x64
		{DB0E1BCB-DE89-4752-9A97-A84D6602F24D}.Release|x64.Build.0 = Release|x64
		{DB0E1BCB-DE89-4752-9A97-A84D6602F24D}.Release|x86.ActiveCfg = Release|Win32
		{DB0E1BCB-DE89-4752-9A97-A84D6602F24D}.Release|x86.Build.0 = Release|Win32
		{E2B02E34-446E-4999-80E3-B3D1279A9A16}.Debug|x64.ActiveCfg = Debug|x64
		{E2B02E34-446E-4999-80E3-B3D1279A9A16}.Debug|x64.Build.0 = Debug|x64
		{E2B02E34-446E-4999-80E3-B3D1279A9A16}.Debug|x86.ActiveCfg = Debug|Win32
		{E2B02E34-446E-4999-80E3-B3D1279A9A16}.Debug|x86.Build.0 = Debug|Win32
		{E2B02E34-446E-4999-80E3-B3D1279A9A16}.Release|x64.ActiveCfg = Release|x64
		{E2B02E34-446E-4999-80E3-B3D1279A9A16}.Release|x64.Build.0 = Release|x64
		{E2B02E34-446E-4999-80E3-B3D1279A9A16}.Release|x86.ActiveCfg = Release|Win32
		{E2B02E34-446E-4999-80E3-B3D1279A9A16}.Release|x86.Build.0 = Release|Win32
		{5C76E28B-259B-4630-AF29-65598E9B2F0F}.Debug|x64.ActiveCfg = Debug|x64
		{5C76E28B-259B-4630-AF29-65598E9B2F0F}.Debug|x64.Build.0 = Debug|x64
		{5C76E28B-259B-4630-AF29-65598E9B2F0F}.Debug|x86.ActiveCfg = Debug|Win32
		{5C76E28B-259B-4630-AF29-65598E9B2F0F}.Debug|x86.Build.0 = Debug|Win32
		{5C76E28B-259B-4630-AF29-65598E9B2F0F}.Release|x64.ActiveCfg = Release|x64
		{5C76E28B-259B-4630-AF29-65598E9B2F0F}.Release|x64.Build.0 = Release|x64
		{5C76E28B-259B-4630-AF29-65598E9B2F0F}.Release|x86.ActiveCfg = Release|Win32
		{5C76E28B-259B-4630-AF29-65598E9B2F0F}.Release|x86.Build.0 = Release|Win32
		{10861DEE-EF91-423A-9D1F-D89F2987A703}.Debug|x64.ActiveCfg = Debug|x64
		{10861DEE-EF91-423A-9D1F-D89F2987A703}.Debug|x64.Build.0 = Debug|x64
		{10861DEE-EF91-423A-9D1F-D89F2987A703}.Debug|x86.ActiveCfg = Debug|Win32
		{10861DEE-EF91-423A-9D1F-D89F2987A703}.Debug|x86.Build.0 = Debug|Win32
		{10861DEE-EF91-423A-9D1F-D89F2987A703}.Release|x64.ActiveCfg = Release|x64
		{10861DEE-EF91-423A-9D1F-D89F2987A703}.Release|x64.Build.0 = Release|x64
		{10861DEE-EF91-423A-9D1F-D89F2987A703}.Release|x86.ActiveCfg = Release|Win32
		{10861DEE-EF91-423A-9D1F-D89F2987A703}.Release|x86.Build.0 = Release|Win32
		{EC26D53C-A58B-4643-A036-DE077D4147BC}.Debug|x64.ActiveCfg = Debug|x64
		{EC26D53C-A58B-4643-A036-DE077D4147BC}.Debug|x64.Build.0 = Debug|x64
		{EC26D53C-A58B-4643-A036-DE077D4147BC}.Debug|x86.ActiveCfg = Debug|Win32
		{EC26D53C-A58B-4643-A036-DE077D4147BC}.Debug|x86.Build.0 = Debug|Win32
		{EC26D53C-A58B-4643-A036-DE077D4147BC}.Release|x64.ActiveCfg = Release|x64
		{EC26D53C-A58B-4643-A036-DE077D4147BC}.Release|x64.Build.0 = Release|x64
		{EC26D53C-A58B-4643-A036-DE077D4147BC}.Release|x86.ActiveCfg = Release|Win32
		{EC26D53C-A58B-4643-A036-DE077D4147BC}.Release|x86.Build.0 = Release|Win32
		{98CACED7-C419-4D37-BF65-68829F6EFFF3}.Debug|x64.ActiveCfg = Debug|x64
		{98CACED7-C419-4D37-BF65-68829F6EFFF3}.Debug|x64.Build.0 = Debug|x64
		{98CACED7-C419-4D37-BF65-68829F6EFFF3}.Debug|x86.ActiveCfg = Debug|Win32
		{98CACED7-C419-4D37-BF65-68829F6EFFF3}.Debug|x86.Build.0 = Debug|Win32
		{98CACED7-C419-4D37-BF65-68829F6EFFF3}.Release|x64.ActiveCfg = Release|x64
		{98CACED7-C419-4D37-BF65-68829F6EFFF3}.Release|x64.Build.0 = Release|x64
		{98CACED7-C419-4D37-BF65-68829F6EFFF3}.Release|x86.ActiveCfg = Release|Win32
		{98CACED7-C419-4D37-BF65-68829F6EFFF3}.Release|x86.Build.0 = Release|Win32
		{C7FEA53F-7F55-41DC-9303-08CB68CAC33A}.Debug|x64.ActiveCfg = Debug|x64
		{C7FEA53F-7F55-41DC-9303-08CB68CAC33A}.Debug|x64.Build.0 = Debug|x64
		{C7FEA53F-7F55-41DC-9303-08CB68CAC33A}.Debug|x86.ActiveCfg = Debug|Win32
		{C7FEA53F-7F55-41DC-9303-08CB68CAC33A}.Debug|x86.Build.0 = Debug|Win32
		{C7FEA53F-7F55-41DC-9303-08CB68CAC33A}.Release|x64.ActiveCfg = Release|x64
		{C7FEA53F-7F55-41DC-9303-08CB68CAC33A}.Release|x64.Build.0 = Release|x64
		{C7FEA53F-7F55-41DC-9303-08CB68CAC33A}.Release|x86.ActiveCfg = Release|Win32
		{C7FEA53F-7F55-41DC-9303-08CB68CAC33A}.Release|x86.Build.0 = Release|Win32
		{BA0098DA-6104-4E68-A3F7-194568C19C6B}.Debug|x64.ActiveCfg = Debug|x64
		{BA0098DA-6104-4E68-A3F7-194568C19C6B}.Debug|x64.Build.0 = Debug|x64
		{BA0098DA-6104-4E68-A3F7-194568C19C6B}.Debug|x86.ActiveCfg = Debug|Win32
		{BA0098DA-6104-4E68-A3F7-194568C19C6B}.Debug|x86.Build.0 = Debug|Win32
		{BA0098DA-6104-4E68-A3F7-194568C19C6B}.Release|x64.ActiveCfg = Release|x64
		{BA0098DA-6104-4E68-A3F7-194568C19C6B}.Release|x64.Build.0 = Release|x64
		{BA0098DA-6104-4E68-A3F7-194568C19C6B}.Release|x86.ActiveCfg = Release|Win32
		{BA0098DA-6104-4E68-A3F7-194568C19C6B}.Release|x86.Build.0 = Release|Win32
		{253B8E49-FB94-4BC5-BD94-943D37193456}.Debug|x64.ActiveCfg = Debug|x64
		{253B8E49-FB94-4BC5-BD94-943D37193456}.Debug|x64.Build.0 = Debug|x64
		{253B8E49-FB94-4BC5-BD94-943D37193456}.Debug|x86.ActiveCfg = Debug|Win32
		{253B8E49-FB94-4BC5-BD94-943D37193456}.Debug|x86.Build.0 = Debug|Win32
		{253B8E49-FB94-4BC5-BD94-943D37193456}.Release|x64.ActiveCfg = Release|x64
		{253B8E49-FB94-4BC5-BD94-943D37193456}.Release|x64.Build.0 = Release|x64
		{253B8E49-FB94-4BC5-BD94-943D37193456}.Release|x86.ActiveCfg = Release|Win32
		{253B8E49-FB94-4BC5-BD94-943D37193456}.Release|x86.Build.0 = Release|Win32
		{156580FF-19DE-4FA2-9285-7AB259709531}.Debug|x64.ActiveCfg = Debug|x64
		{156580FF-19DE-4FA2-9285-7AB259709531}.Debug|x64.Build.0 = Debug|x64
		{156580FF-19DE-4FA2-9285-7AB259709531}.Debug|x86.ActiveCfg = Debug|Win32
		{156580FF-19DE-4FA2-9285-7AB259709531}.Debug|x86.Build.0 = Debug|Win32
		{156580FF-19DE-4FA2-9285-7AB259709531}.Release|x64.ActiveCfg = Release|x64
		{156580FF-19DE-4FA2-9285-7AB259709531}.Release|x64.Build.0 = Release|x64
		{156580FF-19DE-4FA2-9285-7AB259709531}.Release|x86.ActiveCfg = Release|Win32
		{156580FF-19DE-4FA2-9285-7AB259709531}.Release|x86.Build.0 = Release|Win32
	EndGlobalSection
	GlobalSection(SolutionProperties) = preSolution
		HideSolutionNode = FALSE
	EndGlobalSection
	GlobalSection(ExtensibilityGlobals) = postSolution
		SolutionGuid = {0501B1B7-58B1-4621-8ABD-8E822B9A3612}
	EndGlobalSection
EndGlobal
